// !$*UTF8*$!
{
	archiveVersion = 1;
	classes = {
	};
	objectVersion = 46;
	objects = {

/* Begin PBXBuildFile section */
		884CF4C91BA1F09300584199 /* AppDelegate.swift in Sources */ = {isa = PBXBuildFile; fileRef = 884CF4C81BA1F09300584199 /* AppDelegate.swift */; };
		884CF4CB1BA1F09300584199 /* ViewController.swift in Sources */ = {isa = PBXBuildFile; fileRef = 884CF4CA1BA1F09300584199 /* ViewController.swift */; };
		884CF4CE1BA1F09300584199 /* Main.storyboard in Resources */ = {isa = PBXBuildFile; fileRef = 884CF4CC1BA1F09300584199 /* Main.storyboard */; };
		884CF4D01BA1F09300584199 /* Assets.xcassets in Resources */ = {isa = PBXBuildFile; fileRef = 884CF4CF1BA1F09300584199 /* Assets.xcassets */; };
		884CF4D31BA1F09300584199 /* LaunchScreen.storyboard in Resources */ = {isa = PBXBuildFile; fileRef = 884CF4D11BA1F09300584199 /* LaunchScreen.storyboard */; };
		884CF4DE1BA1F09400584199 /* iOSDevUKTests.swift in Sources */ = {isa = PBXBuildFile; fileRef = 884CF4DD1BA1F09400584199 /* iOSDevUKTests.swift */; };
		884CF4E91BA1F09400584199 /* iOSDevUKUITests.swift in Sources */ = {isa = PBXBuildFile; fileRef = 884CF4E81BA1F09400584199 /* iOSDevUKUITests.swift */; };
		884CF4EE1BA1F09400584199 /* iOSDevUK WatchKit App.app in Embed Watch Content */ = {isa = PBXBuildFile; fileRef = 884CF4ED1BA1F09400584199 /* iOSDevUK WatchKit App.app */; };
		884CF4F41BA1F09400584199 /* Interface.storyboard in Resources */ = {isa = PBXBuildFile; fileRef = 884CF4F21BA1F09400584199 /* Interface.storyboard */; };
		884CF4F61BA1F09400584199 /* Assets.xcassets in Resources */ = {isa = PBXBuildFile; fileRef = 884CF4F51BA1F09400584199 /* Assets.xcassets */; };
		884CF4FD1BA1F09400584199 /* iOSDevUK WatchKit Extension.appex in Embed App Extensions */ = {isa = PBXBuildFile; fileRef = 884CF4FC1BA1F09400584199 /* iOSDevUK WatchKit Extension.appex */; settings = {ATTRIBUTES = (RemoveHeadersOnCopy, ); }; };
		884CF5041BA1F09400584199 /* ExtensionDelegate.swift in Sources */ = {isa = PBXBuildFile; fileRef = 884CF5031BA1F09400584199 /* ExtensionDelegate.swift */; };
		884CF5061BA1F09400584199 /* Assets.xcassets in Resources */ = {isa = PBXBuildFile; fileRef = 884CF5051BA1F09400584199 /* Assets.xcassets */; };
		884CF51C1BA1F15100584199 /* InterfaceController.swift in Sources */ = {isa = PBXBuildFile; fileRef = 884CF51B1BA1F15100584199 /* InterfaceController.swift */; settings = {ASSET_TAGS = (); }; };
		884CF5251BA21B2A00584199 /* bounce.caf in Resources */ = {isa = PBXBuildFile; fileRef = 884CF5231BA21B2A00584199 /* bounce.caf */; settings = {ASSET_TAGS = (); }; };
		884CF5261BA21B2A00584199 /* failed.caf in Resources */ = {isa = PBXBuildFile; fileRef = 884CF5241BA21B2A00584199 /* failed.caf */; settings = {ASSET_TAGS = (); }; };
/* End PBXBuildFile section */

/* Begin PBXContainerItemProxy section */
		884CF4DA1BA1F09400584199 /* PBXContainerItemProxy */ = {
			isa = PBXContainerItemProxy;
			containerPortal = 884CF4BD1BA1F09300584199 /* Project object */;
			proxyType = 1;
			remoteGlobalIDString = 884CF4C41BA1F09300584199;
			remoteInfo = iOSDevUK;
		};
		884CF4E51BA1F09400584199 /* PBXContainerItemProxy */ = {
			isa = PBXContainerItemProxy;
			containerPortal = 884CF4BD1BA1F09300584199 /* Project object */;
			proxyType = 1;
			remoteGlobalIDString = 884CF4C41BA1F09300584199;
			remoteInfo = iOSDevUK;
		};
		884CF4EF1BA1F09400584199 /* PBXContainerItemProxy */ = {
			isa = PBXContainerItemProxy;
			containerPortal = 884CF4BD1BA1F09300584199 /* Project object */;
			proxyType = 1;
			remoteGlobalIDString = 884CF4EC1BA1F09400584199;
			remoteInfo = "iOSDevUK WatchKit App";
		};
		884CF4FE1BA1F09400584199 /* PBXContainerItemProxy */ = {
			isa = PBXContainerItemProxy;
			containerPortal = 884CF4BD1BA1F09300584199 /* Project object */;
			proxyType = 1;
			remoteGlobalIDString = 884CF4FB1BA1F09400584199;
			remoteInfo = "iOSDevUK WatchKit Extension";
		};
/* End PBXContainerItemProxy section */

/* Begin PBXCopyFilesBuildPhase section */
		884CF50D1BA1F09400584199 /* Embed App Extensions */ = {
			isa = PBXCopyFilesBuildPhase;
			buildActionMask = 2147483647;
			dstPath = "";
			dstSubfolderSpec = 13;
			files = (
				884CF4FD1BA1F09400584199 /* iOSDevUK WatchKit Extension.appex in Embed App Extensions */,
			);
			name = "Embed App Extensions";
			runOnlyForDeploymentPostprocessing = 0;
		};
		884CF5111BA1F09400584199 /* Embed Watch Content */ = {
			isa = PBXCopyFilesBuildPhase;
			buildActionMask = 2147483647;
			dstPath = "$(CONTENTS_FOLDER_PATH)/Watch";
			dstSubfolderSpec = 16;
			files = (
				884CF4EE1BA1F09400584199 /* iOSDevUK WatchKit App.app in Embed Watch Content */,
			);
			name = "Embed Watch Content";
			runOnlyForDeploymentPostprocessing = 0;
		};
/* End PBXCopyFilesBuildPhase section */

/* Begin PBXFileReference section */
		884CF4C51BA1F09300584199 /* iOSDevUK.app */ = {isa = PBXFileReference; explicitFileType = wrapper.application; includeInIndex = 0; path = iOSDevUK.app; sourceTree = BUILT_PRODUCTS_DIR; };
		884CF4C81BA1F09300584199 /* AppDelegate.swift */ = {isa = PBXFileReference; lastKnownFileType = sourcecode.swift; path = AppDelegate.swift; sourceTree = "<group>"; };
		884CF4CA1BA1F09300584199 /* ViewController.swift */ = {isa = PBXFileReference; lastKnownFileType = sourcecode.swift; path = ViewController.swift; sourceTree = "<group>"; };
		884CF4CD1BA1F09300584199 /* Base */ = {isa = PBXFileReference; lastKnownFileType = file.storyboard; name = Base; path = Base.lproj/Main.storyboard; sourceTree = "<group>"; };
		884CF4CF1BA1F09300584199 /* Assets.xcassets */ = {isa = PBXFileReference; lastKnownFileType = folder.assetcatalog; path = Assets.xcassets; sourceTree = "<group>"; };
		884CF4D21BA1F09300584199 /* Base */ = {isa = PBXFileReference; lastKnownFileType = file.storyboard; name = Base; path = Base.lproj/LaunchScreen.storyboard; sourceTree = "<group>"; };
		884CF4D41BA1F09300584199 /* Info.plist */ = {isa = PBXFileReference; lastKnownFileType = text.plist.xml; path = Info.plist; sourceTree = "<group>"; };
		884CF4D91BA1F09400584199 /* iOSDevUKTests.xctest */ = {isa = PBXFileReference; explicitFileType = wrapper.cfbundle; includeInIndex = 0; path = iOSDevUKTests.xctest; sourceTree = BUILT_PRODUCTS_DIR; };
		884CF4DD1BA1F09400584199 /* iOSDevUKTests.swift */ = {isa = PBXFileReference; lastKnownFileType = sourcecode.swift; path = iOSDevUKTests.swift; sourceTree = "<group>"; };
		884CF4DF1BA1F09400584199 /* Info.plist */ = {isa = PBXFileReference; lastKnownFileType = text.plist.xml; path = Info.plist; sourceTree = "<group>"; };
		884CF4E41BA1F09400584199 /* iOSDevUKUITests.xctest */ = {isa = PBXFileReference; explicitFileType = wrapper.cfbundle; includeInIndex = 0; path = iOSDevUKUITests.xctest; sourceTree = BUILT_PRODUCTS_DIR; };
		884CF4E81BA1F09400584199 /* iOSDevUKUITests.swift */ = {isa = PBXFileReference; lastKnownFileType = sourcecode.swift; path = iOSDevUKUITests.swift; sourceTree = "<group>"; };
		884CF4EA1BA1F09400584199 /* Info.plist */ = {isa = PBXFileReference; lastKnownFileType = text.plist.xml; path = Info.plist; sourceTree = "<group>"; };
		884CF4ED1BA1F09400584199 /* iOSDevUK WatchKit App.app */ = {isa = PBXFileReference; explicitFileType = wrapper.application; includeInIndex = 0; path = "iOSDevUK WatchKit App.app"; sourceTree = BUILT_PRODUCTS_DIR; };
		884CF4F31BA1F09400584199 /* Base */ = {isa = PBXFileReference; lastKnownFileType = file.storyboard; name = Base; path = Base.lproj/Interface.storyboard; sourceTree = "<group>"; };
		884CF4F51BA1F09400584199 /* Assets.xcassets */ = {isa = PBXFileReference; lastKnownFileType = folder.assetcatalog; path = Assets.xcassets; sourceTree = "<group>"; };
		884CF4F71BA1F09400584199 /* Info.plist */ = {isa = PBXFileReference; lastKnownFileType = text.plist.xml; path = Info.plist; sourceTree = "<group>"; };
		884CF4FC1BA1F09400584199 /* iOSDevUK WatchKit Extension.appex */ = {isa = PBXFileReference; explicitFileType = "wrapper.app-extension"; includeInIndex = 0; path = "iOSDevUK WatchKit Extension.appex"; sourceTree = BUILT_PRODUCTS_DIR; };
		884CF5031BA1F09400584199 /* ExtensionDelegate.swift */ = {isa = PBXFileReference; lastKnownFileType = sourcecode.swift; path = ExtensionDelegate.swift; sourceTree = "<group>"; };
		884CF5051BA1F09400584199 /* Assets.xcassets */ = {isa = PBXFileReference; lastKnownFileType = folder.assetcatalog; path = Assets.xcassets; sourceTree = "<group>"; };
		884CF5071BA1F09400584199 /* Info.plist */ = {isa = PBXFileReference; lastKnownFileType = text.plist.xml; path = Info.plist; sourceTree = "<group>"; };
		884CF51B1BA1F15100584199 /* InterfaceController.swift */ = {isa = PBXFileReference; fileEncoding = 4; lastKnownFileType = sourcecode.swift; path = InterfaceController.swift; sourceTree = "<group>"; };
		884CF5231BA21B2A00584199 /* bounce.caf */ = {isa = PBXFileReference; lastKnownFileType = file; path = bounce.caf; sourceTree = "<group>"; };
		884CF5241BA21B2A00584199 /* failed.caf */ = {isa = PBXFileReference; lastKnownFileType = file; path = failed.caf; sourceTree = "<group>"; };
/* End PBXFileReference section */

/* Begin PBXFrameworksBuildPhase section */
		884CF4C21BA1F09300584199 /* Frameworks */ = {
			isa = PBXFrameworksBuildPhase;
			buildActionMask = 2147483647;
			files = (
			);
			runOnlyForDeploymentPostprocessing = 0;
		};
		884CF4D61BA1F09400584199 /* Frameworks */ = {
			isa = PBXFrameworksBuildPhase;
			buildActionMask = 2147483647;
			files = (
			);
			runOnlyForDeploymentPostprocessing = 0;
		};
		884CF4E11BA1F09400584199 /* Frameworks */ = {
			isa = PBXFrameworksBuildPhase;
			buildActionMask = 2147483647;
			files = (
			);
			runOnlyForDeploymentPostprocessing = 0;
		};
		884CF4F91BA1F09400584199 /* Frameworks */ = {
			isa = PBXFrameworksBuildPhase;
			buildActionMask = 2147483647;
			files = (
			);
			runOnlyForDeploymentPostprocessing = 0;
		};
/* End PBXFrameworksBuildPhase section */

/* Begin PBXGroup section */
		884CF4BC1BA1F09300584199 = {
			isa = PBXGroup;
			children = (
				884CF4C71BA1F09300584199 /* iOSDevUK */,
				884CF4DC1BA1F09400584199 /* iOSDevUKTests */,
				884CF4E71BA1F09400584199 /* iOSDevUKUITests */,
				884CF4F11BA1F09400584199 /* iOSDevUK WatchKit App */,
				884CF5001BA1F09400584199 /* iOSDevUK WatchKit Extension */,
				884CF4C61BA1F09300584199 /* Products */,
			);
			sourceTree = "<group>";
		};
		884CF4C61BA1F09300584199 /* Products */ = {
			isa = PBXGroup;
			children = (
				884CF4C51BA1F09300584199 /* iOSDevUK.app */,
				884CF4D91BA1F09400584199 /* iOSDevUKTests.xctest */,
				884CF4E41BA1F09400584199 /* iOSDevUKUITests.xctest */,
				884CF4ED1BA1F09400584199 /* iOSDevUK WatchKit App.app */,
				884CF4FC1BA1F09400584199 /* iOSDevUK WatchKit Extension.appex */,
			);
			name = Products;
			sourceTree = "<group>";
		};
		884CF4C71BA1F09300584199 /* iOSDevUK */ = {
			isa = PBXGroup;
			children = (
				884CF4C81BA1F09300584199 /* AppDelegate.swift */,
				884CF4CA1BA1F09300584199 /* ViewController.swift */,
				884CF4CC1BA1F09300584199 /* Main.storyboard */,
				884CF4CF1BA1F09300584199 /* Assets.xcassets */,
				884CF4D11BA1F09300584199 /* LaunchScreen.storyboard */,
				884CF4D41BA1F09300584199 /* Info.plist */,
			);
			path = iOSDevUK;
			sourceTree = "<group>";
		};
		884CF4DC1BA1F09400584199 /* iOSDevUKTests */ = {
			isa = PBXGroup;
			children = (
				884CF4DD1BA1F09400584199 /* iOSDevUKTests.swift */,
				884CF4DF1BA1F09400584199 /* Info.plist */,
			);
			path = iOSDevUKTests;
			sourceTree = "<group>";
		};
		884CF4E71BA1F09400584199 /* iOSDevUKUITests */ = {
			isa = PBXGroup;
			children = (
				884CF4E81BA1F09400584199 /* iOSDevUKUITests.swift */,
				884CF4EA1BA1F09400584199 /* Info.plist */,
			);
			path = iOSDevUKUITests;
			sourceTree = "<group>";
		};
		884CF4F11BA1F09400584199 /* iOSDevUK WatchKit App */ = {
			isa = PBXGroup;
			children = (
				884CF4F21BA1F09400584199 /* Interface.storyboard */,
				884CF4F51BA1F09400584199 /* Assets.xcassets */,
				884CF4F71BA1F09400584199 /* Info.plist */,
			);
			path = "iOSDevUK WatchKit App";
			sourceTree = "<group>";
		};
		884CF5001BA1F09400584199 /* iOSDevUK WatchKit Extension */ = {
			isa = PBXGroup;
			children = (
				884CF5231BA21B2A00584199 /* bounce.caf */,
				884CF5241BA21B2A00584199 /* failed.caf */,
				884CF5031BA1F09400584199 /* ExtensionDelegate.swift */,
				884CF5051BA1F09400584199 /* Assets.xcassets */,
				884CF5071BA1F09400584199 /* Info.plist */,
				884CF51B1BA1F15100584199 /* InterfaceController.swift */,
			);
			path = "iOSDevUK WatchKit Extension";
			sourceTree = "<group>";
		};
/* End PBXGroup section */

/* Begin PBXNativeTarget section */
		884CF4C41BA1F09300584199 /* iOSDevUK */ = {
			isa = PBXNativeTarget;
			buildConfigurationList = 884CF5121BA1F09400584199 /* Build configuration list for PBXNativeTarget "iOSDevUK" */;
			buildPhases = (
				884CF4C11BA1F09300584199 /* Sources */,
				884CF4C21BA1F09300584199 /* Frameworks */,
				884CF4C31BA1F09300584199 /* Resources */,
				884CF5111BA1F09400584199 /* Embed Watch Content */,
			);
			buildRules = (
			);
			dependencies = (
				884CF4F01BA1F09400584199 /* PBXTargetDependency */,
			);
			name = iOSDevUK;
			productName = iOSDevUK;
			productReference = 884CF4C51BA1F09300584199 /* iOSDevUK.app */;
			productType = "com.apple.product-type.application";
		};
		884CF4D81BA1F09400584199 /* iOSDevUKTests */ = {
			isa = PBXNativeTarget;
			buildConfigurationList = 884CF5151BA1F09400584199 /* Build configuration list for PBXNativeTarget "iOSDevUKTests" */;
			buildPhases = (
				884CF4D51BA1F09400584199 /* Sources */,
				884CF4D61BA1F09400584199 /* Frameworks */,
				884CF4D71BA1F09400584199 /* Resources */,
			);
			buildRules = (
			);
			dependencies = (
				884CF4DB1BA1F09400584199 /* PBXTargetDependency */,
			);
			name = iOSDevUKTests;
			productName = iOSDevUKTests;
			productReference = 884CF4D91BA1F09400584199 /* iOSDevUKTests.xctest */;
			productType = "com.apple.product-type.bundle.unit-test";
		};
		884CF4E31BA1F09400584199 /* iOSDevUKUITests */ = {
			isa = PBXNativeTarget;
			buildConfigurationList = 884CF5181BA1F09400584199 /* Build configuration list for PBXNativeTarget "iOSDevUKUITests" */;
			buildPhases = (
				884CF4E01BA1F09400584199 /* Sources */,
				884CF4E11BA1F09400584199 /* Frameworks */,
				884CF4E21BA1F09400584199 /* Resources */,
			);
			buildRules = (
			);
			dependencies = (
				884CF4E61BA1F09400584199 /* PBXTargetDependency */,
			);
			name = iOSDevUKUITests;
			productName = iOSDevUKUITests;
			productReference = 884CF4E41BA1F09400584199 /* iOSDevUKUITests.xctest */;
			productType = "com.apple.product-type.bundle.ui-testing";
		};
		884CF4EC1BA1F09400584199 /* iOSDevUK WatchKit App */ = {
			isa = PBXNativeTarget;
			buildConfigurationList = 884CF50E1BA1F09400584199 /* Build configuration list for PBXNativeTarget "iOSDevUK WatchKit App" */;
			buildPhases = (
				884CF4EB1BA1F09400584199 /* Resources */,
				884CF50D1BA1F09400584199 /* Embed App Extensions */,
			);
			buildRules = (
			);
			dependencies = (
				884CF4FF1BA1F09400584199 /* PBXTargetDependency */,
			);
			name = "iOSDevUK WatchKit App";
			productName = "iOSDevUK WatchKit App";
			productReference = 884CF4ED1BA1F09400584199 /* iOSDevUK WatchKit App.app */;
			productType = "com.apple.product-type.application.watchapp2";
		};
		884CF4FB1BA1F09400584199 /* iOSDevUK WatchKit Extension */ = {
			isa = PBXNativeTarget;
			buildConfigurationList = 884CF50A1BA1F09400584199 /* Build configuration list for PBXNativeTarget "iOSDevUK WatchKit Extension" */;
			buildPhases = (
				884CF4F81BA1F09400584199 /* Sources */,
				884CF4F91BA1F09400584199 /* Frameworks */,
				884CF4FA1BA1F09400584199 /* Resources */,
			);
			buildRules = (
			);
			dependencies = (
			);
			name = "iOSDevUK WatchKit Extension";
			productName = "iOSDevUK WatchKit Extension";
			productReference = 884CF4FC1BA1F09400584199 /* iOSDevUK WatchKit Extension.appex */;
			productType = "com.apple.product-type.watchkit2-extension";
		};
/* End PBXNativeTarget section */

/* Begin PBXProject section */
		884CF4BD1BA1F09300584199 /* Project object */ = {
			isa = PBXProject;
			attributes = {
				LastUpgradeCheck = 0700;
				ORGANIZATIONNAME = "CMG Research Ltd";
				TargetAttributes = {
					884CF4C41BA1F09300584199 = {
						CreatedOnToolsVersion = 7.0;
					};
					884CF4D81BA1F09400584199 = {
						CreatedOnToolsVersion = 7.0;
						TestTargetID = 884CF4C41BA1F09300584199;
					};
					884CF4E31BA1F09400584199 = {
						CreatedOnToolsVersion = 7.0;
						TestTargetID = 884CF4C41BA1F09300584199;
					};
					884CF4EC1BA1F09400584199 = {
						CreatedOnToolsVersion = 7.0;
					};
					884CF4FB1BA1F09400584199 = {
						CreatedOnToolsVersion = 7.0;
					};
				};
			};
			buildConfigurationList = 884CF4C01BA1F09300584199 /* Build configuration list for PBXProject "iOSDevUK" */;
			compatibilityVersion = "Xcode 3.2";
			developmentRegion = English;
			hasScannedForEncodings = 0;
			knownRegions = (
				en,
				Base,
			);
			mainGroup = 884CF4BC1BA1F09300584199;
			productRefGroup = 884CF4C61BA1F09300584199 /* Products */;
			projectDirPath = "";
			projectRoot = "";
			targets = (
				884CF4C41BA1F09300584199 /* iOSDevUK */,
				884CF4D81BA1F09400584199 /* iOSDevUKTests */,
				884CF4E31BA1F09400584199 /* iOSDevUKUITests */,
				884CF4EC1BA1F09400584199 /* iOSDevUK WatchKit App */,
				884CF4FB1BA1F09400584199 /* iOSDevUK WatchKit Extension */,
			);
		};
/* End PBXProject section */

/* Begin PBXResourcesBuildPhase section */
		884CF4C31BA1F09300584199 /* Resources */ = {
			isa = PBXResourcesBuildPhase;
			buildActionMask = 2147483647;
			files = (
				884CF4D31BA1F09300584199 /* LaunchScreen.storyboard in Resources */,
				884CF4D01BA1F09300584199 /* Assets.xcassets in Resources */,
				884CF4CE1BA1F09300584199 /* Main.storyboard in Resources */,
			);
			runOnlyForDeploymentPostprocessing = 0;
		};
		884CF4D71BA1F09400584199 /* Resources */ = {
			isa = PBXResourcesBuildPhase;
			buildActionMask = 2147483647;
			files = (
			);
			runOnlyForDeploymentPostprocessing = 0;
		};
		884CF4E21BA1F09400584199 /* Resources */ = {
			isa = PBXResourcesBuildPhase;
			buildActionMask = 2147483647;
			files = (
			);
			runOnlyForDeploymentPostprocessing = 0;
		};
		884CF4EB1BA1F09400584199 /* Resources */ = {
			isa = PBXResourcesBuildPhase;
			buildActionMask = 2147483647;
			files = (
				884CF4F61BA1F09400584199 /* Assets.xcassets in Resources */,
				884CF4F41BA1F09400584199 /* Interface.storyboard in Resources */,
			);
			runOnlyForDeploymentPostprocessing = 0;
		};
		884CF4FA1BA1F09400584199 /* Resources */ = {
			isa = PBXResourcesBuildPhase;
			buildActionMask = 2147483647;
			files = (
				884CF5061BA1F09400584199 /* Assets.xcassets in Resources */,
				884CF5251BA21B2A00584199 /* bounce.caf in Resources */,
				884CF5261BA21B2A00584199 /* failed.caf in Resources */,
			);
			runOnlyForDeploymentPostprocessing = 0;
		};
/* End PBXResourcesBuildPhase section */

/* Begin PBXSourcesBuildPhase section */
		884CF4C11BA1F09300584199 /* Sources */ = {
			isa = PBXSourcesBuildPhase;
			buildActionMask = 2147483647;
			files = (
				884CF4CB1BA1F09300584199 /* ViewController.swift in Sources */,
				884CF4C91BA1F09300584199 /* AppDelegate.swift in Sources */,
			);
			runOnlyForDeploymentPostprocessing = 0;
		};
		884CF4D51BA1F09400584199 /* Sources */ = {
			isa = PBXSourcesBuildPhase;
			buildActionMask = 2147483647;
			files = (
				884CF4DE1BA1F09400584199 /* iOSDevUKTests.swift in Sources */,
			);
			runOnlyForDeploymentPostprocessing = 0;
		};
		884CF4E01BA1F09400584199 /* Sources */ = {
			isa = PBXSourcesBuildPhase;
			buildActionMask = 2147483647;
			files = (
				884CF4E91BA1F09400584199 /* iOSDevUKUITests.swift in Sources */,
			);
			runOnlyForDeploymentPostprocessing = 0;
		};
		884CF4F81BA1F09400584199 /* Sources */ = {
			isa = PBXSourcesBuildPhase;
			buildActionMask = 2147483647;
			files = (
				884CF5041BA1F09400584199 /* ExtensionDelegate.swift in Sources */,
				884CF51C1BA1F15100584199 /* InterfaceController.swift in Sources */,
			);
			runOnlyForDeploymentPostprocessing = 0;
		};
/* End PBXSourcesBuildPhase section */

/* Begin PBXTargetDependency section */
		884CF4DB1BA1F09400584199 /* PBXTargetDependency */ = {
			isa = PBXTargetDependency;
			target = 884CF4C41BA1F09300584199 /* iOSDevUK */;
			targetProxy = 884CF4DA1BA1F09400584199 /* PBXContainerItemProxy */;
		};
		884CF4E61BA1F09400584199 /* PBXTargetDependency */ = {
			isa = PBXTargetDependency;
			target = 884CF4C41BA1F09300584199 /* iOSDevUK */;
			targetProxy = 884CF4E51BA1F09400584199 /* PBXContainerItemProxy */;
		};
		884CF4F01BA1F09400584199 /* PBXTargetDependency */ = {
			isa = PBXTargetDependency;
			target = 884CF4EC1BA1F09400584199 /* iOSDevUK WatchKit App */;
			targetProxy = 884CF4EF1BA1F09400584199 /* PBXContainerItemProxy */;
		};
		884CF4FF1BA1F09400584199 /* PBXTargetDependency */ = {
			isa = PBXTargetDependency;
			target = 884CF4FB1BA1F09400584199 /* iOSDevUK WatchKit Extension */;
			targetProxy = 884CF4FE1BA1F09400584199 /* PBXContainerItemProxy */;
		};
/* End PBXTargetDependency section */

/* Begin PBXVariantGroup section */
		884CF4CC1BA1F09300584199 /* Main.storyboard */ = {
			isa = PBXVariantGroup;
			children = (
				884CF4CD1BA1F09300584199 /* Base */,
			);
			name = Main.storyboard;
			sourceTree = "<group>";
		};
		884CF4D11BA1F09300584199 /* LaunchScreen.storyboard */ = {
			isa = PBXVariantGroup;
			children = (
				884CF4D21BA1F09300584199 /* Base */,
			);
			name = LaunchScreen.storyboard;
			sourceTree = "<group>";
		};
		884CF4F21BA1F09400584199 /* Interface.storyboard */ = {
			isa = PBXVariantGroup;
			children = (
				884CF4F31BA1F09400584199 /* Base */,
			);
			name = Interface.storyboard;
			sourceTree = "<group>";
		};
/* End PBXVariantGroup section */

/* Begin XCBuildConfiguration section */
		884CF5081BA1F09400584199 /* Debug */ = {
			isa = XCBuildConfiguration;
			buildSettings = {
				ALWAYS_SEARCH_USER_PATHS = NO;
				CLANG_CXX_LANGUAGE_STANDARD = "gnu++0x";
				CLANG_CXX_LIBRARY = "libc++";
				CLANG_ENABLE_MODULES = YES;
				CLANG_ENABLE_OBJC_ARC = YES;
				CLANG_WARN_BOOL_CONVERSION = YES;
				CLANG_WARN_CONSTANT_CONVERSION = YES;
				CLANG_WARN_DIRECT_OBJC_ISA_USAGE = YES_ERROR;
				CLANG_WARN_EMPTY_BODY = YES;
				CLANG_WARN_ENUM_CONVERSION = YES;
				CLANG_WARN_INT_CONVERSION = YES;
				CLANG_WARN_OBJC_ROOT_CLASS = YES_ERROR;
				CLANG_WARN_UNREACHABLE_CODE = YES;
				CLANG_WARN__DUPLICATE_METHOD_MATCH = YES;
				"CODE_SIGN_IDENTITY[sdk=iphoneos*]" = "iPhone Developer";
				COPY_PHASE_STRIP = NO;
				DEBUG_INFORMATION_FORMAT = dwarf;
				ENABLE_STRICT_OBJC_MSGSEND = YES;
				ENABLE_TESTABILITY = YES;
				GCC_C_LANGUAGE_STANDARD = gnu99;
				GCC_DYNAMIC_NO_PIC = NO;
				GCC_NO_COMMON_BLOCKS = YES;
				GCC_OPTIMIZATION_LEVEL = 0;
				GCC_PREPROCESSOR_DEFINITIONS = (
					"DEBUG=1",
					"$(inherited)",
				);
				GCC_WARN_64_TO_32_BIT_CONVERSION = YES;
				GCC_WARN_ABOUT_RETURN_TYPE = YES_ERROR;
				GCC_WARN_UNDECLARED_SELECTOR = YES;
				GCC_WARN_UNINITIALIZED_AUTOS = YES_AGGRESSIVE;
				GCC_WARN_UNUSED_FUNCTION = YES;
				GCC_WARN_UNUSED_VARIABLE = YES;
				IPHONEOS_DEPLOYMENT_TARGET = 9.0;
				MTL_ENABLE_DEBUG_INFO = YES;
				ONLY_ACTIVE_ARCH = YES;
				SDKROOT = iphoneos;
				SWIFT_OPTIMIZATION_LEVEL = "-Onone";
			};
			name = Debug;
		};
		884CF5091BA1F09400584199 /* Release */ = {
			isa = XCBuildConfiguration;
			buildSettings = {
				ALWAYS_SEARCH_USER_PATHS = NO;
				CLANG_CXX_LANGUAGE_STANDARD = "gnu++0x";
				CLANG_CXX_LIBRARY = "libc++";
				CLANG_ENABLE_MODULES = YES;
				CLANG_ENABLE_OBJC_ARC = YES;
				CLANG_WARN_BOOL_CONVERSION = YES;
				CLANG_WARN_CONSTANT_CONVERSION = YES;
				CLANG_WARN_DIRECT_OBJC_ISA_USAGE = YES_ERROR;
				CLANG_WARN_EMPTY_BODY = YES;
				CLANG_WARN_ENUM_CONVERSION = YES;
				CLANG_WARN_INT_CONVERSION = YES;
				CLANG_WARN_OBJC_ROOT_CLASS = YES_ERROR;
				CLANG_WARN_UNREACHABLE_CODE = YES;
				CLANG_WARN__DUPLICATE_METHOD_MATCH = YES;
				"CODE_SIGN_IDENTITY[sdk=iphoneos*]" = "iPhone Developer";
				COPY_PHASE_STRIP = NO;
				DEBUG_INFORMATION_FORMAT = "dwarf-with-dsym";
				ENABLE_NS_ASSERTIONS = NO;
				ENABLE_STRICT_OBJC_MSGSEND = YES;
				GCC_C_LANGUAGE_STANDARD = gnu99;
				GCC_NO_COMMON_BLOCKS = YES;
				GCC_WARN_64_TO_32_BIT_CONVERSION = YES;
				GCC_WARN_ABOUT_RETURN_TYPE = YES_ERROR;
				GCC_WARN_UNDECLARED_SELECTOR = YES;
				GCC_WARN_UNINITIALIZED_AUTOS = YES_AGGRESSIVE;
				GCC_WARN_UNUSED_FUNCTION = YES;
				GCC_WARN_UNUSED_VARIABLE = YES;
				IPHONEOS_DEPLOYMENT_TARGET = 9.0;
				MTL_ENABLE_DEBUG_INFO = NO;
				SDKROOT = iphoneos;
				VALIDATE_PRODUCT = YES;
			};
			name = Release;
		};
		884CF50B1BA1F09400584199 /* Debug */ = {
			isa = XCBuildConfiguration;
			buildSettings = {
				INFOPLIST_FILE = "iOSDevUK WatchKit Extension/Info.plist";
				LD_RUNPATH_SEARCH_PATHS = "$(inherited) @executable_path/Frameworks @executable_path/../../Frameworks";
				PRODUCT_BUNDLE_IDENTIFIER = com.cmgresearch.iOSDevUK.watchkitapp.watchkitextension;
				PRODUCT_NAME = "${TARGET_NAME}";
				SDKROOT = watchos;
				SKIP_INSTALL = YES;
				TARGETED_DEVICE_FAMILY = 4;
				WATCHOS_DEPLOYMENT_TARGET = 2.0;
			};
			name = Debug;
		};
		884CF50C1BA1F09400584199 /* Release */ = {
			isa = XCBuildConfiguration;
			buildSettings = {
				INFOPLIST_FILE = "iOSDevUK WatchKit Extension/Info.plist";
				LD_RUNPATH_SEARCH_PATHS = "$(inherited) @executable_path/Frameworks @executable_path/../../Frameworks";
				PRODUCT_BUNDLE_IDENTIFIER = com.cmgresearch.iOSDevUK.watchkitapp.watchkitextension;
				PRODUCT_NAME = "${TARGET_NAME}";
				SDKROOT = watchos;
				SKIP_INSTALL = YES;
				TARGETED_DEVICE_FAMILY = 4;
				WATCHOS_DEPLOYMENT_TARGET = 2.0;
			};
			name = Release;
		};
		884CF50F1BA1F09400584199 /* Debug */ = {
			isa = XCBuildConfiguration;
			buildSettings = {
				ASSETCATALOG_COMPILER_APPICON_NAME = AppIcon;
				EMBEDDED_CONTENT_CONTAINS_SWIFT = YES;
				IBSC_MODULE = iOSDevUK_WatchKit_Extension;
				INFOPLIST_FILE = "iOSDevUK WatchKit App/Info.plist";
				PRODUCT_BUNDLE_IDENTIFIER = com.cmgresearch.iOSDevUK.watchkitapp;
				PRODUCT_NAME = "$(TARGET_NAME)";
				SDKROOT = watchos;
				SKIP_INSTALL = YES;
				TARGETED_DEVICE_FAMILY = 4;
				WATCHOS_DEPLOYMENT_TARGET = 2.0;
			};
			name = Debug;
		};
		884CF5101BA1F09400584199 /* Release */ = {
			isa = XCBuildConfiguration;
			buildSettings = {
				ASSETCATALOG_COMPILER_APPICON_NAME = AppIcon;
				EMBEDDED_CONTENT_CONTAINS_SWIFT = YES;
				IBSC_MODULE = iOSDevUK_WatchKit_Extension;
				INFOPLIST_FILE = "iOSDevUK WatchKit App/Info.plist";
				PRODUCT_BUNDLE_IDENTIFIER = com.cmgresearch.iOSDevUK.watchkitapp;
				PRODUCT_NAME = "$(TARGET_NAME)";
				SDKROOT = watchos;
				SKIP_INSTALL = YES;
				TARGETED_DEVICE_FAMILY = 4;
				WATCHOS_DEPLOYMENT_TARGET = 2.0;
			};
			name = Release;
		};
		884CF5131BA1F09400584199 /* Debug */ = {
			isa = XCBuildConfiguration;
			buildSettings = {
				ASSETCATALOG_COMPILER_APPICON_NAME = AppIcon;
				INFOPLIST_FILE = iOSDevUK/Info.plist;
				LD_RUNPATH_SEARCH_PATHS = "$(inherited) @executable_path/Frameworks";
				PRODUCT_BUNDLE_IDENTIFIER = com.cmgresearch.iOSDevUK;
				PRODUCT_NAME = "$(TARGET_NAME)";
			};
			name = Debug;
		};
		884CF5141BA1F09400584199 /* Release */ = {
			isa = XCBuildConfiguration;
			buildSettings = {
				ASSETCATALOG_COMPILER_APPICON_NAME = AppIcon;
				INFOPLIST_FILE = iOSDevUK/Info.plist;
				LD_RUNPATH_SEARCH_PATHS = "$(inherited) @executable_path/Frameworks";
				PRODUCT_BUNDLE_IDENTIFIER = com.cmgresearch.iOSDevUK;
				PRODUCT_NAME = "$(TARGET_NAME)";
			};
			name = Release;
		};
		884CF5161BA1F09400584199 /* Debug */ = {
			isa = XCBuildConfiguration;
			buildSettings = {
				BUNDLE_LOADER = "$(TEST_HOST)";
				INFOPLIST_FILE = iOSDevUKTests/Info.plist;
				LD_RUNPATH_SEARCH_PATHS = "$(inherited) @executable_path/Frameworks @loader_path/Frameworks";
				PRODUCT_BUNDLE_IDENTIFIER = com.cmgresearch.iOSDevUKTests;
				PRODUCT_NAME = "$(TARGET_NAME)";
				TEST_HOST = "$(BUILT_PRODUCTS_DIR)/iOSDevUK.app/iOSDevUK";
			};
			name = Debug;
		};
		884CF5171BA1F09400584199 /* Release */ = {
			isa = XCBuildConfiguration;
			buildSettings = {
				BUNDLE_LOADER = "$(TEST_HOST)";
				INFOPLIST_FILE = iOSDevUKTests/Info.plist;
				LD_RUNPATH_SEARCH_PATHS = "$(inherited) @executable_path/Frameworks @loader_path/Frameworks";
				PRODUCT_BUNDLE_IDENTIFIER = com.cmgresearch.iOSDevUKTests;
				PRODUCT_NAME = "$(TARGET_NAME)";
				TEST_HOST = "$(BUILT_PRODUCTS_DIR)/iOSDevUK.app/iOSDevUK";
			};
			name = Release;
		};
		884CF5191BA1F09400584199 /* Debug */ = {
			isa = XCBuildConfiguration;
			buildSettings = {
				INFOPLIST_FILE = iOSDevUKUITests/Info.plist;
				LD_RUNPATH_SEARCH_PATHS = "$(inherited) @executable_path/Frameworks @loader_path/Frameworks";
				PRODUCT_BUNDLE_IDENTIFIER = com.cmgresearch.iOSDevUKUITests;
				PRODUCT_NAME = "$(TARGET_NAME)";
				TEST_TARGET_NAME = iOSDevUK;
				USES_XCTRUNNER = YES;
			};
			name = Debug;
		};
		884CF51A1BA1F09400584199 /* Release */ = {
			isa = XCBuildConfiguration;
			buildSettings = {
				INFOPLIST_FILE = iOSDevUKUITests/Info.plist;
				LD_RUNPATH_SEARCH_PATHS = "$(inherited) @executable_path/Frameworks @loader_path/Frameworks";
				PRODUCT_BUNDLE_IDENTIFIER = com.cmgresearch.iOSDevUKUITests;
				PRODUCT_NAME = "$(TARGET_NAME)";
				TEST_TARGET_NAME = iOSDevUK;
				USES_XCTRUNNER = YES;
			};
			name = Release;
		};
/* End XCBuildConfiguration section */

/* Begin XCConfigurationList section */
		884CF4C01BA1F09300584199 /* Build configuration list for PBXProject "iOSDevUK" */ = {
			isa = XCConfigurationList;
			buildConfigurations = (
				884CF5081BA1F09400584199 /* Debug */,
				884CF5091BA1F09400584199 /* Release */,
			);
			defaultConfigurationIsVisible = 0;
			defaultConfigurationName = Release;
		};
		884CF50A1BA1F09400584199 /* Build configuration list for PBXNativeTarget "iOSDevUK WatchKit Extension" */ = {
			isa = XCConfigurationList;
			buildConfigurations = (
				884CF50B1BA1F09400584199 /* Debug */,
				884CF50C1BA1F09400584199 /* Release */,
			);
			defaultConfigurationIsVisible = 0;
		};
		884CF50E1BA1F09400584199 /* Build configuration list for PBXNativeTarget "iOSDevUK WatchKit App" */ = {
			isa = XCConfigurationList;
			buildConfigurations = (
				884CF50F1BA1F09400584199 /* Debug */,
				884CF5101BA1F09400584199 /* Release */,
			);
			defaultConfigurationIsVisible = 0;
		};
		884CF5121BA1F09400584199 /* Build configuration list for PBXNativeTarget "iOSDevUK" */ = {
			isa = XCConfigurationList;
			buildConfigurations = (
				884CF5131BA1F09400584199 /* Debug */,
				884CF5141BA1F09400584199 /* Release */,
			);
			defaultConfigurationIsVisible = 0;
		};
		884CF5151BA1F09400584199 /* Build configuration list for PBXNativeTarget "iOSDevUKTests" */ = {
			isa = XCConfigurationList;
			buildConfigurations = (
				884CF5161BA1F09400584199 /* Debug */,
				884CF5171BA1F09400584199 /* Release */,
			);
			defaultConfigurationIsVisible = 0;
		};
		884CF5181BA1F09400584199 /* Build configuration list for PBXNativeTarget "iOSDevUKUITests" */ = {
			isa = XCConfigurationList;
			buildConfigurations = (
				884CF5191BA1F09400584199 /* Debug */,
				884CF51A1BA1F09400584199 /* Release */,
			);
			defaultConfigurationIsVisible = 0;
		};
/* End XCConfigurationList section */
	};
	rootObject = 884CF4BD1BA1F09300584199 /* Project object */;
}
